
Microsoft Visual Studio Solution File, Format Version 12.00
# Visual Studio Version 17
VisualStudioVersion = 17.1.32210.238
MinimumVisualStudioVersion = 10.0.40219.1
Project("{FAE04EC0-301F-11D3-BF4B-00C04F79EFBC}") = "ChessTraining", "ChessTraining\ChessTraining.csproj", "{5E9AFA00-FE90-481B-9757-23B45B43E5BC}"
EndProject
Global
	GlobalSection(SolutionConfigurationPlatforms) = preSolution
		Debug|Any CPU = Debug|Any CPU
		Release|Any CPU = Release|Any CPU
	EndGlobalSection
	GlobalSection(ProjectConfigurationPlatforms) = postSolution
		{5E9AFA00-FE90-481B-9757-23B45B43E5BC}.Debug|Any CPU.ActiveCfg = Debug|Any CPU
		{5E9AFA00-FE90-481B-9757-23B45B43E5BC}.Debug|Any CPU.Build.0 = Debug|Any CPU
		{5E9AFA00-FE90-481B-9757-23B45B43E5BC}.Release|Any CPU.ActiveCfg = Release|Any CPU
		{5E9AFA00-FE90-481B-9757-23B45B43E5BC}.Release|Any CPU.Build.0 = Release|Any CPU
	EndGlobalSection
	GlobalSection(SolutionProperties) = preSolution
		HideSolutionNode = FALSE
	EndGlobalSection
	GlobalSection(ExtensibilityGlobals) = postSolution
		SolutionGuid = {880CB0AB-135A-4BCC-8438-164E1932AACC}
	EndGlobalSection
EndGlobal
